
Microsoft Visual Studio Solution File, Format Version 12.00
# Visual Studio Version 17
VisualStudioVersion = 17.9.34723.18
MinimumVisualStudioVersion = 10.0.40219.1
Project("{FAE04EC0-301F-11D3-BF4B-00C04F79EFBC}") = "TamagochiGame", "TamagochiGame.csproj", "{8DE9F4C5-56CB-4193-A2F4-375D5D1CD126}"
EndProject
Project("{54435603-DBB4-11D2-8724-00A0C9A8B90C}") = "GameInstaller", "..\GameInstaller\GameInstaller.vdproj", "{10340E21-1BE4-4D5B-99FC-52090A76FA90}"
EndProject
Global
	GlobalSection(SolutionConfigurationPlatforms) = preSolution
		Debug|Any CPU = Debug|Any CPU
		Release|Any CPU = Release|Any CPU
	EndGlobalSection
	GlobalSection(ProjectConfigurationPlatforms) = postSolution
		{8DE9F4C5-56CB-4193-A2F4-375D5D1CD126}.Debug|Any CPU.ActiveCfg = Debug|Any CPU
		{8DE9F4C5-56CB-4193-A2F4-375D5D1CD126}.Debug|Any CPU.Build.0 = Debug|Any CPU
		{8DE9F4C5-56CB-4193-A2F4-375D5D1CD126}.Release|Any CPU.ActiveCfg = Release|Any CPU
		{8DE9F4C5-56CB-4193-A2F4-375D5D1CD126}.Release|Any CPU.Build.0 = Release|Any CPU
		{10340E21-1BE4-4D5B-99FC-52090A76FA90}.Debug|Any CPU.ActiveCfg = Debug
		{10340E21-1BE4-4D5B-99FC-52090A76FA90}.Release|Any CPU.ActiveCfg = Release
	EndGlobalSection
	GlobalSection(SolutionProperties) = preSolution
		HideSolutionNode = FALSE
	EndGlobalSection
	GlobalSection(ExtensibilityGlobals) = postSolution
		SolutionGuid = {0D77E3D4-254F-4D79-8A24-49C69AA16BD2}
	EndGlobalSection
EndGlobal
